
Microsoft Visual Studio Solution File, Format Version 12.00
# Visual Studio Version 16
VisualStudioVersion = 16.0.30523.141
MinimumVisualStudioVersion = 10.0.40219.1
Project("{FAE04EC0-301F-11D3-BF4B-00C04F79EFBC}") = "Simionescu_Alina_Lab2", "Simionescu_Alina_Lab2\Simionescu_Alina_Lab2.csproj", "{A077DEF6-2975-441D-A521-E7A133E62892}"
EndProject
Global
	GlobalSection(SolutionConfigurationPlatforms) = preSolution
		Debug|Any CPU = Debug|Any CPU
		Release|Any CPU = Release|Any CPU
	EndGlobalSection
	GlobalSection(ProjectConfigurationPlatforms) = postSolution
		{A077DEF6-2975-441D-A521-E7A133E62892}.Debug|Any CPU.ActiveCfg = Debug|Any CPU
		{A077DEF6-2975-441D-A521-E7A133E62892}.Debug|Any CPU.Build.0 = Debug|Any CPU
		{A077DEF6-2975-441D-A521-E7A133E62892}.Release|Any CPU.ActiveCfg = Release|Any CPU
		{A077DEF6-2975-441D-A521-E7A133E62892}.Release|Any CPU.Build.0 = Release|Any CPU
	EndGlobalSection
	GlobalSection(SolutionProperties) = preSolution
		HideSolutionNode = FALSE
	EndGlobalSection
	GlobalSection(ExtensibilityGlobals) = postSolution
		SolutionGuid = {6AA67F9B-A30C-4C0F-9AD2-D6ADD92CC761}
	EndGlobalSection
EndGlobal
